
Microsoft Visual Studio Solution File, Format Version 12.00
# Visual Studio Version 16
VisualStudioVersion = 16.0.31005.135
MinimumVisualStudioVersion = 10.0.40219.1
Project("{FAE04EC0-301F-11D3-BF4B-00C04F79EFBC}") = "PMS.WebAdmin", "PMS.WebAdmin\PMS.WebAdmin.csproj", "{741CE9C0-12F8-4929-82CB-1AF466AB5CD5}"
EndProject
Project("{FAE04EC0-301F-11D3-BF4B-00C04F79EFBC}") = "PMS.DAL", "PMS.DAL\PMS.DAL.csproj", "{090A3554-079F-407A-80F6-C2EB7236AAA1}"
EndProject
Project("{FAE04EC0-301F-11D3-BF4B-00C04F79EFBC}") = "PMS.BLL", "PMS.BLL\PMS.BLL.csproj", "{147B398E-BE43-4DAD-8F45-DA6AE2E850AF}"
EndProject
Project("{FAE04EC0-301F-11D3-BF4B-00C04F79EFBC}") = "PMS.Util", "PMS.Util\PMS.Util.csproj", "{848D12C7-16CF-4745-9A2D-87FC8DB9CEAC}"
EndProject
Project("{FAE04EC0-301F-11D3-BF4B-00C04F79EFBC}") = "PMS.WebAPI", "PMS.WebAPI\PMS.WebAPI.csproj", "{7AF7286D-6DC6-4916-BC01-3631269F7D6B}"
EndProject
Global
	GlobalSection(SolutionConfigurationPlatforms) = preSolution
		Debug|Any CPU = Debug|Any CPU
		Release|Any CPU = Release|Any CPU
	EndGlobalSection
	GlobalSection(ProjectConfigurationPlatforms) = postSolution
		{741CE9C0-12F8-4929-82CB-1AF466AB5CD5}.Debug|Any CPU.ActiveCfg = Debug|Any CPU
		{741CE9C0-12F8-4929-82CB-1AF466AB5CD5}.Debug|Any CPU.Build.0 = Debug|Any CPU
		{741CE9C0-12F8-4929-82CB-1AF466AB5CD5}.Release|Any CPU.ActiveCfg = Release|Any CPU
		{741CE9C0-12F8-4929-82CB-1AF466AB5CD5}.Release|Any CPU.Build.0 = Release|Any CPU
		{090A3554-079F-407A-80F6-C2EB7236AAA1}.Debug|Any CPU.ActiveCfg = Debug|Any CPU
		{090A3554-079F-407A-80F6-C2EB7236AAA1}.Debug|Any CPU.Build.0 = Debug|Any CPU
		{090A3554-079F-407A-80F6-C2EB7236AAA1}.Release|Any CPU.ActiveCfg = Release|Any CPU
		{090A3554-079F-407A-80F6-C2EB7236AAA1}.Release|Any CPU.Build.0 = Release|Any CPU
		{147B398E-BE43-4DAD-8F45-DA6AE2E850AF}.Debug|Any CPU.ActiveCfg = Debug|Any CPU
		{147B398E-BE43-4DAD-8F45-DA6AE2E850AF}.Debug|Any CPU.Build.0 = Debug|Any CPU
		{147B398E-BE43-4DAD-8F45-DA6AE2E850AF}.Release|Any CPU.ActiveCfg = Release|Any CPU
		{147B398E-BE43-4DAD-8F45-DA6AE2E850AF}.Release|Any CPU.Build.0 = Release|Any CPU
		{848D12C7-16CF-4745-9A2D-87FC8DB9CEAC}.Debug|Any CPU.ActiveCfg = Debug|Any CPU
		{848D12C7-16CF-4745-9A2D-87FC8DB9CEAC}.Debug|Any CPU.Build.0 = Debug|Any CPU
		{848D12C7-16CF-4745-9A2D-87FC8DB9CEAC}.Release|Any CPU.ActiveCfg = Release|Any CPU
		{848D12C7-16CF-4745-9A2D-87FC8DB9CEAC}.Release|Any CPU.Build.0 = Release|Any CPU
		{7AF7286D-6DC6-4916-BC01-3631269F7D6B}.Debug|Any CPU.ActiveCfg = Debug|Any CPU
		{7AF7286D-6DC6-4916-BC01-3631269F7D6B}.Debug|Any CPU.Build.0 = Debug|Any CPU
		{7AF7286D-6DC6-4916-BC01-3631269F7D6B}.Release|Any CPU.ActiveCfg = Release|Any CPU
		{7AF7286D-6DC6-4916-BC01-3631269F7D6B}.Release|Any CPU.Build.0 = Release|Any CPU
	EndGlobalSection
	GlobalSection(SolutionProperties) = preSolution
		HideSolutionNode = FALSE
	EndGlobalSection
	GlobalSection(ExtensibilityGlobals) = postSolution
		SolutionGuid = {710CF997-5190-4897-9BE8-D6F584A7BB55}
	EndGlobalSection
EndGlobal
